
Microsoft Visual Studio Solution File, Format Version 12.00
# Visual Studio Version 17
VisualStudioVersion = 17.2.32516.85
MinimumVisualStudioVersion = 10.0.40219.1
Project("{FAE04EC0-301F-11D3-BF4B-00C04F79EFBC}") = "CrystalReport", "CrystalReport\CrystalReport.csproj", "{CA780E2B-7A23-4A88-AD28-73FD435F2741}"
EndProject
Project("{9A19103F-16F7-4668-BE54-9A1E7A4F7556}") = "CoreSystemConsole", "CoreSystemConsole\CoreSystemConsole.csproj", "{F0CF11A4-2779-487C-8651-05DAF9CAF559}"
EndProject
Project("{FAE04EC0-301F-11D3-BF4B-00C04F79EFBC}") = "CoreSystemConsoleInNet", "CoreSystemConsoleInNet\CoreSystemConsoleInNet.csproj", "{36C9072C-770F-4D84-84D4-4E35D88DF452}"
EndProject
Project("{9A19103F-16F7-4668-BE54-9A1E7A4F7556}") = "JasperReport", "JasperReport\JasperReport.csproj", "{DC6175D1-B3E8-4491-A0D6-0040E93702EA}"
EndProject
Project("{9A19103F-16F7-4668-BE54-9A1E7A4F7556}") = "EPPlus5", "EPPlus5\EPPlus5.csproj", "{348D50ED-666E-4A06-9D85-29CB35C4AF48}"
EndProject
Project("{9A19103F-16F7-4668-BE54-9A1E7A4F7556}") = "ITextGroupNV", "ITextGroupNV\ITextGroupNV.csproj", "{14FE9221-B963-4B6E-ABE2-A885542450F9}"
EndProject
Project("{9A19103F-16F7-4668-BE54-9A1E7A4F7556}") = "Puppeteer", "Puppeteer\Puppeteer.csproj", "{2A508A00-CB8D-4A2C-84FA-DEA50A818AEB}"
EndProject
Project("{FAE04EC0-301F-11D3-BF4B-00C04F79EFBC}") = "CoreReportDot48", "CoreReportDot48\CoreReportDot48.csproj", "{E0C7DFDC-EBE7-42FD-BF2C-273CAF710348}"
EndProject
Project("{9A19103F-16F7-4668-BE54-9A1E7A4F7556}") = "CoreReport", "CoreReport\CoreReport.csproj", "{EFCBC5C1-8920-4201-8CFC-55F1A85B053F}"
EndProject
Project("{9A19103F-16F7-4668-BE54-9A1E7A4F7556}") = "OpenXmlSDK", "OpenXmlSDK\OpenXmlSDK.csproj", "{DB8BC9F6-CCBA-4286-AEC5-D973F3FA7E49}"
EndProject
Project("{9A19103F-16F7-4668-BE54-9A1E7A4F7556}") = "IronPDFProject", "IronPDF\IronPDFProject.csproj", "{593D3A73-8D2E-4048-8093-9428E94D3AA4}"
EndProject
Project("{9A19103F-16F7-4668-BE54-9A1E7A4F7556}") = "EasyOpenXml", "EasyOpenXml\EasyOpenXml.csproj", "{150F02E8-365C-4F9F-B2B1-E2ABBE628BCC}"
EndProject
Project("{FAE04EC0-301F-11D3-BF4B-00C04F79EFBC}") = "EasyOpenXml3", "EasyOpenXml3\EasyOpenXml3.csproj", "{9D97D332-9A03-42E8-A2E0-C5E5289478ED}"
EndProject
Global
	GlobalSection(SolutionConfigurationPlatforms) = preSolution
		Debug|Any CPU = Debug|Any CPU
		Debug|x64 = Debug|x64
		Debug|x86 = Debug|x86
		Release|Any CPU = Release|Any CPU
		Release|x64 = Release|x64
		Release|x86 = Release|x86
		Release-signed|Any CPU = Release-signed|Any CPU
		Release-signed|x64 = Release-signed|x64
		Release-signed|x86 = Release-signed|x86
	EndGlobalSection
	GlobalSection(ProjectConfigurationPlatforms) = postSolution
		{CA780E2B-7A23-4A88-AD28-73FD435F2741}.Debug|Any CPU.ActiveCfg = Debug|Any CPU
		{CA780E2B-7A23-4A88-AD28-73FD435F2741}.Debug|Any CPU.Build.0 = Debug|Any CPU
		{CA780E2B-7A23-4A88-AD28-73FD435F2741}.Debug|x64.ActiveCfg = Debug|Any CPU
		{CA780E2B-7A23-4A88-AD28-73FD435F2741}.Debug|x64.Build.0 = Debug|Any CPU
		{CA780E2B-7A23-4A88-AD28-73FD435F2741}.Debug|x86.ActiveCfg = Debug|Any CPU
		{CA780E2B-7A23-4A88-AD28-73FD435F2741}.Debug|x86.Build.0 = Debug|Any CPU
		{CA780E2B-7A23-4A88-AD28-73FD435F2741}.Release|Any CPU.ActiveCfg = Release|Any CPU
		{CA780E2B-7A23-4A88-AD28-73FD435F2741}.Release|Any CPU.Build.0 = Release|Any CPU
		{CA780E2B-7A23-4A88-AD28-73FD435F2741}.Release|x64.ActiveCfg = Release|Any CPU
		{CA780E2B-7A23-4A88-AD28-73FD435F2741}.Release|x64.Build.0 = Release|Any CPU
		{CA780E2B-7A23-4A88-AD28-73FD435F2741}.Release|x86.ActiveCfg = Release|Any CPU
		{CA780E2B-7A23-4A88-AD28-73FD435F2741}.Release|x86.Build.0 = Release|Any CPU
		{CA780E2B-7A23-4A88-AD28-73FD435F2741}.Release-signed|Any CPU.ActiveCfg = Release|Any CPU
		{CA780E2B-7A23-4A88-AD28-73FD435F2741}.Release-signed|Any CPU.Build.0 = Release|Any CPU
		{CA780E2B-7A23-4A88-AD28-73FD435F2741}.Release-signed|x64.ActiveCfg = Release|Any CPU
		{CA780E2B-7A23-4A88-AD28-73FD435F2741}.Release-signed|x64.Build.0 = Release|Any CPU
		{CA780E2B-7A23-4A88-AD28-73FD435F2741}.Release-signed|x86.ActiveCfg = Release|Any CPU
		{CA780E2B-7A23-4A88-AD28-73FD435F2741}.Release-signed|x86.Build.0 = Release|Any CPU
		{F0CF11A4-2779-487C-8651-05DAF9CAF559}.Debug|Any CPU.ActiveCfg = Debug|Any CPU
		{F0CF11A4-2779-487C-8651-05DAF9CAF559}.Debug|Any CPU.Build.0 = Debug|Any CPU
		{F0CF11A4-2779-487C-8651-05DAF9CAF559}.Debug|x64.ActiveCfg = Debug|Any CPU
		{F0CF11A4-2779-487C-8651-05DAF9CAF559}.Debug|x64.Build.0 = Debug|Any CPU
		{F0CF11A4-2779-487C-8651-05DAF9CAF559}.Debug|x86.ActiveCfg = Debug|Any CPU
		{F0CF11A4-2779-487C-8651-05DAF9CAF559}.Debug|x86.Build.0 = Debug|Any CPU
		{F0CF11A4-2779-487C-8651-05DAF9CAF559}.Release|Any CPU.ActiveCfg = Release|Any CPU
		{F0CF11A4-2779-487C-8651-05DAF9CAF559}.Release|Any CPU.Build.0 = Release|Any CPU
		{F0CF11A4-2779-487C-8651-05DAF9CAF559}.Release|x64.ActiveCfg = Release|Any CPU
		{F0CF11A4-2779-487C-8651-05DAF9CAF559}.Release|x64.Build.0 = Release|Any CPU
		{F0CF11A4-2779-487C-8651-05DAF9CAF559}.Release|x86.ActiveCfg = Release|Any CPU
		{F0CF11A4-2779-487C-8651-05DAF9CAF559}.Release|x86.Build.0 = Release|Any CPU
		{F0CF11A4-2779-487C-8651-05DAF9CAF559}.Release-signed|Any CPU.ActiveCfg = Release|Any CPU
		{F0CF11A4-2779-487C-8651-05DAF9CAF559}.Release-signed|Any CPU.Build.0 = Release|Any CPU
		{F0CF11A4-2779-487C-8651-05DAF9CAF559}.Release-signed|x64.ActiveCfg = Release|Any CPU
		{F0CF11A4-2779-487C-8651-05DAF9CAF559}.Release-signed|x64.Build.0 = Release|Any CPU
		{F0CF11A4-2779-487C-8651-05DAF9CAF559}.Release-signed|x86.ActiveCfg = Release|Any CPU
		{F0CF11A4-2779-487C-8651-05DAF9CAF559}.Release-signed|x86.Build.0 = Release|Any CPU
		{36C9072C-770F-4D84-84D4-4E35D88DF452}.Debug|Any CPU.ActiveCfg = Debug|Any CPU
		{36C9072C-770F-4D84-84D4-4E35D88DF452}.Debug|Any CPU.Build.0 = Debug|Any CPU
		{36C9072C-770F-4D84-84D4-4E35D88DF452}.Debug|x64.ActiveCfg = Debug|Any CPU
		{36C9072C-770F-4D84-84D4-4E35D88DF452}.Debug|x64.Build.0 = Debug|Any CPU
		{36C9072C-770F-4D84-84D4-4E35D88DF452}.Debug|x86.ActiveCfg = Debug|Any CPU
		{36C9072C-770F-4D84-84D4-4E35D88DF452}.Debug|x86.Build.0 = Debug|Any CPU
		{36C9072C-770F-4D84-84D4-4E35D88DF452}.Release|Any CPU.ActiveCfg = Release|Any CPU
		{36C9072C-770F-4D84-84D4-4E35D88DF452}.Release|Any CPU.Build.0 = Release|Any CPU
		{36C9072C-770F-4D84-84D4-4E35D88DF452}.Release|x64.ActiveCfg = Release|Any CPU
		{36C9072C-770F-4D84-84D4-4E35D88DF452}.Release|x64.Build.0 = Release|Any CPU
		{36C9072C-770F-4D84-84D4-4E35D88DF452}.Release|x86.ActiveCfg = Release|Any CPU
		{36C9072C-770F-4D84-84D4-4E35D88DF452}.Release|x86.Build.0 = Release|Any CPU
		{36C9072C-770F-4D84-84D4-4E35D88DF452}.Release-signed|Any CPU.ActiveCfg = Release|Any CPU
		{36C9072C-770F-4D84-84D4-4E35D88DF452}.Release-signed|Any CPU.Build.0 = Release|Any CPU
		{36C9072C-770F-4D84-84D4-4E35D88DF452}.Release-signed|x64.ActiveCfg = Release|Any CPU
		{36C9072C-770F-4D84-84D4-4E35D88DF452}.Release-signed|x64.Build.0 = Release|Any CPU
		{36C9072C-770F-4D84-84D4-4E35D88DF452}.Release-signed|x86.ActiveCfg = Release|Any CPU
		{36C9072C-770F-4D84-84D4-4E35D88DF452}.Release-signed|x86.Build.0 = Release|Any CPU
		{DC6175D1-B3E8-4491-A0D6-0040E93702EA}.Debug|Any CPU.ActiveCfg = Debug|Any CPU
		{DC6175D1-B3E8-4491-A0D6-0040E93702EA}.Debug|Any CPU.Build.0 = Debug|Any CPU
		{DC6175D1-B3E8-4491-A0D6-0040E93702EA}.Debug|x64.ActiveCfg = Debug|Any CPU
		{DC6175D1-B3E8-4491-A0D6-0040E93702EA}.Debug|x64.Build.0 = Debug|Any CPU
		{DC6175D1-B3E8-4491-A0D6-0040E93702EA}.Debug|x86.ActiveCfg = Debug|Any CPU
		{DC6175D1-B3E8-4491-A0D6-0040E93702EA}.Debug|x86.Build.0 = Debug|Any CPU
		{DC6175D1-B3E8-4491-A0D6-0040E93702EA}.Release|Any CPU.ActiveCfg = Release|Any CPU
		{DC6175D1-B3E8-4491-A0D6-0040E93702EA}.Release|Any CPU.Build.0 = Release|Any CPU
		{DC6175D1-B3E8-4491-A0D6-0040E93702EA}.Release|x64.ActiveCfg = Release|Any CPU
		{DC6175D1-B3E8-4491-A0D6-0040E93702EA}.Release|x64.Build.0 = Release|Any CPU
		{DC6175D1-B3E8-4491-A0D6-0040E93702EA}.Release|x86.ActiveCfg = Release|Any CPU
		{DC6175D1-B3E8-4491-A0D6-0040E93702EA}.Release|x86.Build.0 = Release|Any CPU
		{DC6175D1-B3E8-4491-A0D6-0040E93702EA}.Release-signed|Any CPU.ActiveCfg = Release|Any CPU
		{DC6175D1-B3E8-4491-A0D6-0040E93702EA}.Release-signed|Any CPU.Build.0 = Release|Any CPU
		{DC6175D1-B3E8-4491-A0D6-0040E93702EA}.Release-signed|x64.ActiveCfg = Release|Any CPU
		{DC6175D1-B3E8-4491-A0D6-0040E93702EA}.Release-signed|x64.Build.0 = Release|Any CPU
		{DC6175D1-B3E8-4491-A0D6-0040E93702EA}.Release-signed|x86.ActiveCfg = Release|Any CPU
		{DC6175D1-B3E8-4491-A0D6-0040E93702EA}.Release-signed|x86.Build.0 = Release|Any CPU
		{348D50ED-666E-4A06-9D85-29CB35C4AF48}.Debug|Any CPU.ActiveCfg = Debug|Any CPU
		{348D50ED-666E-4A06-9D85-29CB35C4AF48}.Debug|Any CPU.Build.0 = Debug|Any CPU
		{348D50ED-666E-4A06-9D85-29CB35C4AF48}.Debug|x64.ActiveCfg = Debug|Any CPU
		{348D50ED-666E-4A06-9D85-29CB35C4AF48}.Debug|x64.Build.0 = Debug|Any CPU
		{348D50ED-666E-4A06-9D85-29CB35C4AF48}.Debug|x86.ActiveCfg = Debug|Any CPU
		{348D50ED-666E-4A06-9D85-29CB35C4AF48}.Debug|x86.Build.0 = Debug|Any CPU
		{348D50ED-666E-4A06-9D85-29CB35C4AF48}.Release|Any CPU.ActiveCfg = Release|Any CPU
		{348D50ED-666E-4A06-9D85-29CB35C4AF48}.Release|Any CPU.Build.0 = Release|Any CPU
		{348D50ED-666E-4A06-9D85-29CB35C4AF48}.Release|x64.ActiveCfg = Release|Any CPU
		{348D50ED-666E-4A06-9D85-29CB35C4AF48}.Release|x64.Build.0 = Release|Any CPU
		{348D50ED-666E-4A06-9D85-29CB35C4AF48}.Release|x86.ActiveCfg = Release|Any CPU
		{348D50ED-666E-4A06-9D85-29CB35C4AF48}.Release|x86.Build.0 = Release|Any CPU
		{348D50ED-666E-4A06-9D85-29CB35C4AF48}.Release-signed|Any CPU.ActiveCfg = Release|Any CPU
		{348D50ED-666E-4A06-9D85-29CB35C4AF48}.Release-signed|Any CPU.Build.0 = Release|Any CPU
		{348D50ED-666E-4A06-9D85-29CB35C4AF48}.Release-signed|x64.ActiveCfg = Release|Any CPU
		{348D50ED-666E-4A06-9D85-29CB35C4AF48}.Release-signed|x64.Build.0 = Release|Any CPU
		{348D50ED-666E-4A06-9D85-29CB35C4AF48}.Release-signed|x86.ActiveCfg = Release|Any CPU
		{348D50ED-666E-4A06-9D85-29CB35C4AF48}.Release-signed|x86.Build.0 = Release|Any CPU
		{14FE9221-B963-4B6E-ABE2-A885542450F9}.Debug|Any CPU.ActiveCfg = Debug|Any CPU
		{14FE9221-B963-4B6E-ABE2-A885542450F9}.Debug|Any CPU.Build.0 = Debug|Any CPU
		{14FE9221-B963-4B6E-ABE2-A885542450F9}.Debug|x64.ActiveCfg = Debug|Any CPU
		{14FE9221-B963-4B6E-ABE2-A885542450F9}.Debug|x64.Build.0 = Debug|Any CPU
		{14FE9221-B963-4B6E-ABE2-A885542450F9}.Debug|x86.ActiveCfg = Debug|Any CPU
		{14FE9221-B963-4B6E-ABE2-A885542450F9}.Debug|x86.Build.0 = Debug|Any CPU
		{14FE9221-B963-4B6E-ABE2-A885542450F9}.Release|Any CPU.ActiveCfg = Release|Any CPU
		{14FE9221-B963-4B6E-ABE2-A885542450F9}.Release|Any CPU.Build.0 = Release|Any CPU
		{14FE9221-B963-4B6E-ABE2-A885542450F9}.Release|x64.ActiveCfg = Release|Any CPU
		{14FE9221-B963-4B6E-ABE2-A885542450F9}.Release|x64.Build.0 = Release|Any CPU
		{14FE9221-B963-4B6E-ABE2-A885542450F9}.Release|x86.ActiveCfg = Release|Any CPU
		{14FE9221-B963-4B6E-ABE2-A885542450F9}.Release|x86.Build.0 = Release|Any CPU
		{14FE9221-B963-4B6E-ABE2-A885542450F9}.Release-signed|Any CPU.ActiveCfg = Release|Any CPU
		{14FE9221-B963-4B6E-ABE2-A885542450F9}.Release-signed|Any CPU.Build.0 = Release|Any CPU
		{14FE9221-B963-4B6E-ABE2-A885542450F9}.Release-signed|x64.ActiveCfg = Release|Any CPU
		{14FE9221-B963-4B6E-ABE2-A885542450F9}.Release-signed|x64.Build.0 = Release|Any CPU
		{14FE9221-B963-4B6E-ABE2-A885542450F9}.Release-signed|x86.ActiveCfg = Release|Any CPU
		{14FE9221-B963-4B6E-ABE2-A885542450F9}.Release-signed|x86.Build.0 = Release|Any CPU
		{2A508A00-CB8D-4A2C-84FA-DEA50A818AEB}.Debug|Any CPU.ActiveCfg = Debug|Any CPU
		{2A508A00-CB8D-4A2C-84FA-DEA50A818AEB}.Debug|Any CPU.Build.0 = Debug|Any CPU
		{2A508A00-CB8D-4A2C-84FA-DEA50A818AEB}.Debug|x64.ActiveCfg = Debug|Any CPU
		{2A508A00-CB8D-4A2C-84FA-DEA50A818AEB}.Debug|x64.Build.0 = Debug|Any CPU
		{2A508A00-CB8D-4A2C-84FA-DEA50A818AEB}.Debug|x86.ActiveCfg = Debug|Any CPU
		{2A508A00-CB8D-4A2C-84FA-DEA50A818AEB}.Debug|x86.Build.0 = Debug|Any CPU
		{2A508A00-CB8D-4A2C-84FA-DEA50A818AEB}.Release|Any CPU.ActiveCfg = Release|Any CPU
		{2A508A00-CB8D-4A2C-84FA-DEA50A818AEB}.Release|Any CPU.Build.0 = Release|Any CPU
		{2A508A00-CB8D-4A2C-84FA-DEA50A818AEB}.Release|x64.ActiveCfg = Release|Any CPU
		{2A508A00-CB8D-4A2C-84FA-DEA50A818AEB}.Release|x64.Build.0 = Release|Any CPU
		{2A508A00-CB8D-4A2C-84FA-DEA50A818AEB}.Release|x86.ActiveCfg = Release|Any CPU
		{2A508A00-CB8D-4A2C-84FA-DEA50A818AEB}.Release|x86.Build.0 = Release|Any CPU
		{2A508A00-CB8D-4A2C-84FA-DEA50A818AEB}.Release-signed|Any CPU.ActiveCfg = Release|Any CPU
		{2A508A00-CB8D-4A2C-84FA-DEA50A818AEB}.Release-signed|Any CPU.Build.0 = Release|Any CPU
		{2A508A00-CB8D-4A2C-84FA-DEA50A818AEB}.Release-signed|x64.ActiveCfg = Release|Any CPU
		{2A508A00-CB8D-4A2C-84FA-DEA50A818AEB}.Release-signed|x64.Build.0 = Release|Any CPU
		{2A508A00-CB8D-4A2C-84FA-DEA50A818AEB}.Release-signed|x86.ActiveCfg = Release|Any CPU
		{2A508A00-CB8D-4A2C-84FA-DEA50A818AEB}.Release-signed|x86.Build.0 = Release|Any CPU
		{E0C7DFDC-EBE7-42FD-BF2C-273CAF710348}.Debug|Any CPU.ActiveCfg = Debug|Any CPU
		{E0C7DFDC-EBE7-42FD-BF2C-273CAF710348}.Debug|Any CPU.Build.0 = Debug|Any CPU
		{E0C7DFDC-EBE7-42FD-BF2C-273CAF710348}.Debug|x64.ActiveCfg = Debug|Any CPU
		{E0C7DFDC-EBE7-42FD-BF2C-273CAF710348}.Debug|x64.Build.0 = Debug|Any CPU
		{E0C7DFDC-EBE7-42FD-BF2C-273CAF710348}.Debug|x86.ActiveCfg = Debug|Any CPU
		{E0C7DFDC-EBE7-42FD-BF2C-273CAF710348}.Debug|x86.Build.0 = Debug|Any CPU
		{E0C7DFDC-EBE7-42FD-BF2C-273CAF710348}.Release|Any CPU.ActiveCfg = Release|Any CPU
		{E0C7DFDC-EBE7-42FD-BF2C-273CAF710348}.Release|Any CPU.Build.0 = Release|Any CPU
		{E0C7DFDC-EBE7-42FD-BF2C-273CAF710348}.Release|x64.ActiveCfg = Release|Any CPU
		{E0C7DFDC-EBE7-42FD-BF2C-273CAF710348}.Release|x64.Build.0 = Release|Any CPU
		{E0C7DFDC-EBE7-42FD-BF2C-273CAF710348}.Release|x86.ActiveCfg = Release|Any CPU
		{E0C7DFDC-EBE7-42FD-BF2C-273CAF710348}.Release|x86.Build.0 = Release|Any CPU
		{E0C7DFDC-EBE7-42FD-BF2C-273CAF710348}.Release-signed|Any CPU.ActiveCfg = Release|Any CPU
		{E0C7DFDC-EBE7-42FD-BF2C-273CAF710348}.Release-signed|Any CPU.Build.0 = Release|Any CPU
		{E0C7DFDC-EBE7-42FD-BF2C-273CAF710348}.Release-signed|x64.ActiveCfg = Release|Any CPU
		{E0C7DFDC-EBE7-42FD-BF2C-273CAF710348}.Release-signed|x64.Build.0 = Release|Any CPU
		{E0C7DFDC-EBE7-42FD-BF2C-273CAF710348}.Release-signed|x86.ActiveCfg = Release|Any CPU
		{E0C7DFDC-EBE7-42FD-BF2C-273CAF710348}.Release-signed|x86.Build.0 = Release|Any CPU
		{EFCBC5C1-8920-4201-8CFC-55F1A85B053F}.Debug|Any CPU.ActiveCfg = Debug|Any CPU
		{EFCBC5C1-8920-4201-8CFC-55F1A85B053F}.Debug|Any CPU.Build.0 = Debug|Any CPU
		{EFCBC5C1-8920-4201-8CFC-55F1A85B053F}.Debug|x64.ActiveCfg = Debug|Any CPU
		{EFCBC5C1-8920-4201-8CFC-55F1A85B053F}.Debug|x64.Build.0 = Debug|Any CPU
		{EFCBC5C1-8920-4201-8CFC-55F1A85B053F}.Debug|x86.ActiveCfg = Debug|Any CPU
		{EFCBC5C1-8920-4201-8CFC-55F1A85B053F}.Debug|x86.Build.0 = Debug|Any CPU
		{EFCBC5C1-8920-4201-8CFC-55F1A85B053F}.Release|Any CPU.ActiveCfg = Release|Any CPU
		{EFCBC5C1-8920-4201-8CFC-55F1A85B053F}.Release|Any CPU.Build.0 = Release|Any CPU
		{EFCBC5C1-8920-4201-8CFC-55F1A85B053F}.Release|x64.ActiveCfg = Release|Any CPU
		{EFCBC5C1-8920-4201-8CFC-55F1A85B053F}.Release|x64.Build.0 = Release|Any CPU
		{EFCBC5C1-8920-4201-8CFC-55F1A85B053F}.Release|x86.ActiveCfg = Release|Any CPU
		{EFCBC5C1-8920-4201-8CFC-55F1A85B053F}.Release|x86.Build.0 = Release|Any CPU
		{EFCBC5C1-8920-4201-8CFC-55F1A85B053F}.Release-signed|Any CPU.ActiveCfg = Release|Any CPU
		{EFCBC5C1-8920-4201-8CFC-55F1A85B053F}.Release-signed|Any CPU.Build.0 = Release|Any CPU
		{EFCBC5C1-8920-4201-8CFC-55F1A85B053F}.Release-signed|x64.ActiveCfg = Release|Any CPU
		{EFCBC5C1-8920-4201-8CFC-55F1A85B053F}.Release-signed|x64.Build.0 = Release|Any CPU
		{EFCBC5C1-8920-4201-8CFC-55F1A85B053F}.Release-signed|x86.ActiveCfg = Release|Any CPU
		{EFCBC5C1-8920-4201-8CFC-55F1A85B053F}.Release-signed|x86.Build.0 = Release|Any CPU
		{DB8BC9F6-CCBA-4286-AEC5-D973F3FA7E49}.Debug|Any CPU.ActiveCfg = Debug|Any CPU
		{DB8BC9F6-CCBA-4286-AEC5-D973F3FA7E49}.Debug|Any CPU.Build.0 = Debug|Any CPU
		{DB8BC9F6-CCBA-4286-AEC5-D973F3FA7E49}.Debug|x64.ActiveCfg = Debug|Any CPU
		{DB8BC9F6-CCBA-4286-AEC5-D973F3FA7E49}.Debug|x64.Build.0 = Debug|Any CPU
		{DB8BC9F6-CCBA-4286-AEC5-D973F3FA7E49}.Debug|x86.ActiveCfg = Debug|Any CPU
		{DB8BC9F6-CCBA-4286-AEC5-D973F3FA7E49}.Debug|x86.Build.0 = Debug|Any CPU
		{DB8BC9F6-CCBA-4286-AEC5-D973F3FA7E49}.Release|Any CPU.ActiveCfg = Release|Any CPU
		{DB8BC9F6-CCBA-4286-AEC5-D973F3FA7E49}.Release|Any CPU.Build.0 = Release|Any CPU
		{DB8BC9F6-CCBA-4286-AEC5-D973F3FA7E49}.Release|x64.ActiveCfg = Release|Any CPU
		{DB8BC9F6-CCBA-4286-AEC5-D973F3FA7E49}.Release|x64.Build.0 = Release|Any CPU
		{DB8BC9F6-CCBA-4286-AEC5-D973F3FA7E49}.Release|x86.ActiveCfg = Release|Any CPU
		{DB8BC9F6-CCBA-4286-AEC5-D973F3FA7E49}.Release|x86.Build.0 = Release|Any CPU
		{DB8BC9F6-CCBA-4286-AEC5-D973F3FA7E49}.Release-signed|Any CPU.ActiveCfg = Release|Any CPU
		{DB8BC9F6-CCBA-4286-AEC5-D973F3FA7E49}.Release-signed|Any CPU.Build.0 = Release|Any CPU
		{DB8BC9F6-CCBA-4286-AEC5-D973F3FA7E49}.Release-signed|x64.ActiveCfg = Release|Any CPU
		{DB8BC9F6-CCBA-4286-AEC5-D973F3FA7E49}.Release-signed|x64.Build.0 = Release|Any CPU
		{DB8BC9F6-CCBA-4286-AEC5-D973F3FA7E49}.Release-signed|x86.ActiveCfg = Release|Any CPU
		{DB8BC9F6-CCBA-4286-AEC5-D973F3FA7E49}.Release-signed|x86.Build.0 = Release|Any CPU
		{593D3A73-8D2E-4048-8093-9428E94D3AA4}.Debug|Any CPU.ActiveCfg = Debug|Any CPU
		{593D3A73-8D2E-4048-8093-9428E94D3AA4}.Debug|Any CPU.Build.0 = Debug|Any CPU
		{593D3A73-8D2E-4048-8093-9428E94D3AA4}.Debug|x64.ActiveCfg = Debug|Any CPU
		{593D3A73-8D2E-4048-8093-9428E94D3AA4}.Debug|x64.Build.0 = Debug|Any CPU
		{593D3A73-8D2E-4048-8093-9428E94D3AA4}.Debug|x86.ActiveCfg = Debug|Any CPU
		{593D3A73-8D2E-4048-8093-9428E94D3AA4}.Debug|x86.Build.0 = Debug|Any CPU
		{593D3A73-8D2E-4048-8093-9428E94D3AA4}.Release|Any CPU.ActiveCfg = Release|Any CPU
		{593D3A73-8D2E-4048-8093-9428E94D3AA4}.Release|Any CPU.Build.0 = Release|Any CPU
		{593D3A73-8D2E-4048-8093-9428E94D3AA4}.Release|x64.ActiveCfg = Release|Any CPU
		{593D3A73-8D2E-4048-8093-9428E94D3AA4}.Release|x64.Build.0 = Release|Any CPU
		{593D3A73-8D2E-4048-8093-9428E94D3AA4}.Release|x86.ActiveCfg = Release|Any CPU
		{593D3A73-8D2E-4048-8093-9428E94D3AA4}.Release|x86.Build.0 = Release|Any CPU
		{593D3A73-8D2E-4048-8093-9428E94D3AA4}.Release-signed|Any CPU.ActiveCfg = Release|Any CPU
		{593D3A73-8D2E-4048-8093-9428E94D3AA4}.Release-signed|Any CPU.Build.0 = Release|Any CPU
		{593D3A73-8D2E-4048-8093-9428E94D3AA4}.Release-signed|x64.ActiveCfg = Release|Any CPU
		{593D3A73-8D2E-4048-8093-9428E94D3AA4}.Release-signed|x64.Build.0 = Release|Any CPU
		{593D3A73-8D2E-4048-8093-9428E94D3AA4}.Release-signed|x86.ActiveCfg = Release|Any CPU
		{593D3A73-8D2E-4048-8093-9428E94D3AA4}.Release-signed|x86.Build.0 = Release|Any CPU
		{150F02E8-365C-4F9F-B2B1-E2ABBE628BCC}.Debug|Any CPU.ActiveCfg = Debug|Any CPU
		{150F02E8-365C-4F9F-B2B1-E2ABBE628BCC}.Debug|Any CPU.Build.0 = Debug|Any CPU
		{150F02E8-365C-4F9F-B2B1-E2ABBE628BCC}.Debug|x64.ActiveCfg = Debug|Any CPU
		{150F02E8-365C-4F9F-B2B1-E2ABBE628BCC}.Debug|x64.Build.0 = Debug|Any CPU
		{150F02E8-365C-4F9F-B2B1-E2ABBE628BCC}.Debug|x86.ActiveCfg = Debug|Any CPU
		{150F02E8-365C-4F9F-B2B1-E2ABBE628BCC}.Debug|x86.Build.0 = Debug|Any CPU
		{150F02E8-365C-4F9F-B2B1-E2ABBE628BCC}.Release|Any CPU.ActiveCfg = Release|Any CPU
		{150F02E8-365C-4F9F-B2B1-E2ABBE628BCC}.Release|Any CPU.Build.0 = Release|Any CPU
		{150F02E8-365C-4F9F-B2B1-E2ABBE628BCC}.Release|x64.ActiveCfg = Release|Any CPU
		{150F02E8-365C-4F9F-B2B1-E2ABBE628BCC}.Release|x64.Build.0 = Release|Any CPU
		{150F02E8-365C-4F9F-B2B1-E2ABBE628BCC}.Release|x86.ActiveCfg = Release|Any CPU
		{150F02E8-365C-4F9F-B2B1-E2ABBE628BCC}.Release|x86.Build.0 = Release|Any CPU
		{150F02E8-365C-4F9F-B2B1-E2ABBE628BCC}.Release-signed|Any CPU.ActiveCfg = Release|Any CPU
		{150F02E8-365C-4F9F-B2B1-E2ABBE628BCC}.Release-signed|Any CPU.Build.0 = Release|Any CPU
		{150F02E8-365C-4F9F-B2B1-E2ABBE628BCC}.Release-signed|x64.ActiveCfg = Release|Any CPU
		{150F02E8-365C-4F9F-B2B1-E2ABBE628BCC}.Release-signed|x64.Build.0 = Release|Any CPU
		{150F02E8-365C-4F9F-B2B1-E2ABBE628BCC}.Release-signed|x86.ActiveCfg = Release|Any CPU
		{150F02E8-365C-4F9F-B2B1-E2ABBE628BCC}.Release-signed|x86.Build.0 = Release|Any CPU
		{9D97D332-9A03-42E8-A2E0-C5E5289478ED}.Debug|Any CPU.ActiveCfg = Debug|Any CPU
		{9D97D332-9A03-42E8-A2E0-C5E5289478ED}.Debug|Any CPU.Build.0 = Debug|Any CPU
		{9D97D332-9A03-42E8-A2E0-C5E5289478ED}.Debug|x64.ActiveCfg = Debug|Any CPU
		{9D97D332-9A03-42E8-A2E0-C5E5289478ED}.Debug|x64.Build.0 = Debug|Any CPU
		{9D97D332-9A03-42E8-A2E0-C5E5289478ED}.Debug|x86.ActiveCfg = Debug|Any CPU
		{9D97D332-9A03-42E8-A2E0-C5E5289478ED}.Debug|x86.Build.0 = Debug|Any CPU
		{9D97D332-9A03-42E8-A2E0-C5E5289478ED}.Release|Any CPU.ActiveCfg = Release|Any CPU
		{9D97D332-9A03-42E8-A2E0-C5E5289478ED}.Release|Any CPU.Build.0 = Release|Any CPU
		{9D97D332-9A03-42E8-A2E0-C5E5289478ED}.Release|x64.ActiveCfg = Release|Any CPU
		{9D97D332-9A03-42E8-A2E0-C5E5289478ED}.Release|x64.Build.0 = Release|Any CPU
		{9D97D332-9A03-42E8-A2E0-C5E5289478ED}.Release|x86.ActiveCfg = Release|Any CPU
		{9D97D332-9A03-42E8-A2E0-C5E5289478ED}.Release|x86.Build.0 = Release|Any CPU
		{9D97D332-9A03-42E8-A2E0-C5E5289478ED}.Release-signed|Any CPU.ActiveCfg = Release|Any CPU
		{9D97D332-9A03-42E8-A2E0-C5E5289478ED}.Release-signed|Any CPU.Build.0 = Release|Any CPU
		{9D97D332-9A03-42E8-A2E0-C5E5289478ED}.Release-signed|x64.ActiveCfg = Release|Any CPU
		{9D97D332-9A03-42E8-A2E0-C5E5289478ED}.Release-signed|x64.Build.0 = Release|Any CPU
		{9D97D332-9A03-42E8-A2E0-C5E5289478ED}.Release-signed|x86.ActiveCfg = Release|Any CPU
		{9D97D332-9A03-42E8-A2E0-C5E5289478ED}.Release-signed|x86.Build.0 = Release|Any CPU
	EndGlobalSection
	GlobalSection(SolutionProperties) = preSolution
		HideSolutionNode = FALSE
	EndGlobalSection
	GlobalSection(ExtensibilityGlobals) = postSolution
		SolutionGuid = {3F728C31-1619-49AE-9D49-2EE9AF23DE15}
	EndGlobalSection
EndGlobal
